Microsoft Visual Studio Solution File, Format Version 12.00
# Visual Studio Version 17
VisualStudioVersion = 17.5.2.0
MinimumVisualStudioVersion = 10.0.40219.1
Project("{FAE04EC0-301F-11D3-BF4B-00C04F79EFBC}") = "examen_software_Hurtado_Samaniego-Vasquez_Ayala.", "examen_software_Hurtado_Samaniego-Vasquez_Ayala..csproj", "{53054480-9B4D-9D1E-0B32-4C5AE39D6255}"
EndProject
Global
	GlobalSection(SolutionConfigurationPlatforms) = preSolution
		Debug|Any CPU = Debug|Any CPU
		Release|Any CPU = Release|Any CPU
	EndGlobalSection
	GlobalSection(ProjectConfigurationPlatforms) = postSolution
		{53054480-9B4D-9D1E-0B32-4C5AE39D6255}.Debug|Any CPU.ActiveCfg = Debug|Any CPU
		{53054480-9B4D-9D1E-0B32-4C5AE39D6255}.Debug|Any CPU.Build.0 = Debug|Any CPU
		{53054480-9B4D-9D1E-0B32-4C5AE39D6255}.Release|Any CPU.ActiveCfg = Release|Any CPU
		{53054480-9B4D-9D1E-0B32-4C5AE39D6255}.Release|Any CPU.Build.0 = Release|Any CPU
	EndGlobalSection
	GlobalSection(SolutionProperties) = preSolution
		HideSolutionNode = FALSE
	EndGlobalSection
	GlobalSection(ExtensibilityGlobals) = postSolution
		SolutionGuid = {F1576A36-E445-467E-B912-40D443445369}
	EndGlobalSection
EndGlobal
